
Microsoft Visual Studio Solution File, Format Version 12.00
# Visual Studio Version 17
VisualStudioVersion = 17.0.31912.275
MinimumVisualStudioVersion = 10.0.40219.1
Project("{FAE04EC0-301F-11D3-BF4B-00C04F79EFBC}") = "23.07_CSharpStart", "23.07_CSharpStart\23.07_CSharpStart.csproj", "{B6CBEBB9-51B5-4E6A-9EBC-01B7C32D6E86}"
EndProject
Global
	GlobalSection(SolutionConfigurationPlatforms) = preSolution
		Debug|Any CPU = Debug|Any CPU
		Release|Any CPU = Release|Any CPU
	EndGlobalSection
	GlobalSection(ProjectConfigurationPlatforms) = postSolution
		{B6CBEBB9-51B5-4E6A-9EBC-01B7C32D6E86}.Debug|Any CPU.ActiveCfg = Debug|Any CPU
		{B6CBEBB9-51B5-4E6A-9EBC-01B7C32D6E86}.Debug|Any CPU.Build.0 = Debug|Any CPU
		{B6CBEBB9-51B5-4E6A-9EBC-01B7C32D6E86}.Release|Any CPU.ActiveCfg = Release|Any CPU
		{B6CBEBB9-51B5-4E6A-9EBC-01B7C32D6E86}.Release|Any CPU.Build.0 = Release|Any CPU
	EndGlobalSection
	GlobalSection(SolutionProperties) = preSolution
		HideSolutionNode = FALSE
	EndGlobalSection
	GlobalSection(ExtensibilityGlobals) = postSolution
		SolutionGuid = {D8DEF686-F4BB-4A03-AAF9-F80A4F43687F}
	EndGlobalSection
EndGlobal
